
Microsoft Visual Studio Solution File, Format Version 12.00
# Visual Studio Version 16
VisualStudioVersion = 25.0.1703.2
MinimumVisualStudioVersion = 10.0.40219.1
Project("{FAE04EC0-301F-11D3-BF4B-00C04F79EFBC}") = "FL2022-Assignment1-zragland", "FL2022-Assignment1-zragland.csproj", "{783D2796-514B-40E5-8F23-B3F6FCD8E7AB}"
EndProject
Global
	GlobalSection(SolutionConfigurationPlatforms) = preSolution
		Debug|Any CPU = Debug|Any CPU
		Release|Any CPU = Release|Any CPU
	EndGlobalSection
	GlobalSection(ProjectConfigurationPlatforms) = postSolution
		{783D2796-514B-40E5-8F23-B3F6FCD8E7AB}.Debug|Any CPU.ActiveCfg = Debug|Any CPU
		{783D2796-514B-40E5-8F23-B3F6FCD8E7AB}.Debug|Any CPU.Build.0 = Debug|Any CPU
		{783D2796-514B-40E5-8F23-B3F6FCD8E7AB}.Release|Any CPU.ActiveCfg = Release|Any CPU
		{783D2796-514B-40E5-8F23-B3F6FCD8E7AB}.Release|Any CPU.Build.0 = Release|Any CPU
	EndGlobalSection
	GlobalSection(SolutionProperties) = preSolution
		HideSolutionNode = FALSE
	EndGlobalSection
	GlobalSection(ExtensibilityGlobals) = postSolution
		SolutionGuid = {EA645332-FDF1-4F52-807F-D9D6EC7893FF}
	EndGlobalSection
EndGlobal
